// !$*UTF8*$!
{
	archiveVersion = 1;
	classes = {
	};
	objectVersion = 46;
	objects = {

/* Begin PBXBuildFile section */
		2B9D5A59505CCAF73135C248 /* libPods.a in Frameworks */ = {isa = PBXBuildFile; fileRef = FD81385A4BC20E361A91F9BB /* libPods.a */; };
		99005F5D1BE3E6A8000AF438 /* potentialEventsTableViewController.swift in Sources */ = {isa = PBXBuildFile; fileRef = 99005F5C1BE3E6A8000AF438 /* potentialEventsTableViewController.swift */; };
		992DD4FA1BE41888006720B7 /* feedsTable.swift in Sources */ = {isa = PBXBuildFile; fileRef = 992DD4F31BE41888006720B7 /* feedsTable.swift */; };
		992DD4FB1BE41888006720B7 /* feedsTabViewController.swift in Sources */ = {isa = PBXBuildFile; fileRef = 992DD4F41BE41888006720B7 /* feedsTabViewController.swift */; };
		992DD4FE1BE41888006720B7 /* feedsCell.xib in Resources */ = {isa = PBXBuildFile; fileRef = 992DD4F71BE41888006720B7 /* feedsCell.xib */; };
		992DD4FF1BE41888006720B7 /* feedsTableViewCell.swift in Sources */ = {isa = PBXBuildFile; fileRef = 992DD4F81BE41888006720B7 /* feedsTableViewCell.swift */; };
		992DD5021BE41978006720B7 /* filmerWatchFeed.swift in Sources */ = {isa = PBXBuildFile; fileRef = 992DD5011BE41978006720B7 /* filmerWatchFeed.swift */; };
		992DD5041BE41B16006720B7 /* Event.swift in Sources */ = {isa = PBXBuildFile; fileRef = 992DD5031BE41B16006720B7 /* Event.swift */; };
		992DD5061BE41BA8006720B7 /* filmerFeedsMapView.swift in Sources */ = {isa = PBXBuildFile; fileRef = 992DD5051BE41BA8006720B7 /* filmerFeedsMapView.swift */; };
		994D53F81BE31F370037AC72 /* eventsCell.xib in Resources */ = {isa = PBXBuildFile; fileRef = 994D53F71BE31F370037AC72 /* eventsCell.xib */; };
		994D53FA1BE31F460037AC72 /* nearMeTableViewController.swift in Sources */ = {isa = PBXBuildFile; fileRef = 994D53F91BE31F460037AC72 /* nearMeTableViewController.swift */; };
		994D53FD1BE320A60037AC72 /* eventsTableViewCell.swift in Sources */ = {isa = PBXBuildFile; fileRef = 994D53FC1BE320A60037AC72 /* eventsTableViewCell.swift */; };
		994D53FF1BE320C50037AC72 /* utility_functions.swift in Sources */ = {isa = PBXBuildFile; fileRef = 994D53FE1BE320C50037AC72 /* utility_functions.swift */; };
		994D54011BE3222D0037AC72 /* libBolts.a in Frameworks */ = {isa = PBXBuildFile; fileRef = 994D54001BE3222D0037AC72 /* libBolts.a */; };
		994D540E1BE322D40037AC72 /* Accounts.framework in Frameworks */ = {isa = PBXBuildFile; fileRef = 994D54021BE322D40037AC72 /* Accounts.framework */; };
		994D540F1BE322D40037AC72 /* AudioToolbox.framework in Frameworks */ = {isa = PBXBuildFile; fileRef = 994D54031BE322D40037AC72 /* AudioToolbox.framework */; };
		994D54101BE322D40037AC72 /* CFNetwork.framework in Frameworks */ = {isa = PBXBuildFile; fileRef = 994D54041BE322D40037AC72 /* CFNetwork.framework */; };
		994D54111BE322D40037AC72 /* CoreGraphics.framework in Frameworks */ = {isa = PBXBuildFile; fileRef = 994D54051BE322D40037AC72 /* CoreGraphics.framework */; };
		994D54121BE322D40037AC72 /* CoreLocation.framework in Frameworks */ = {isa = PBXBuildFile; fileRef = 994D54061BE322D40037AC72 /* CoreLocation.framework */; };
		994D54131BE322D40037AC72 /* libsqlite3.tbd in Frameworks */ = {isa = PBXBuildFile; fileRef = 994D54071BE322D40037AC72 /* libsqlite3.tbd */; };
		994D54141BE322D40037AC72 /* libz.tbd in Frameworks */ = {isa = PBXBuildFile; fileRef = 994D54081BE322D40037AC72 /* libz.tbd */; };
		994D54151BE322D40037AC72 /* QuartzCore.framework in Frameworks */ = {isa = PBXBuildFile; fileRef = 994D54091BE322D40037AC72 /* QuartzCore.framework */; };
		994D54161BE322D40037AC72 /* Security.framework in Frameworks */ = {isa = PBXBuildFile; fileRef = 994D540A1BE322D40037AC72 /* Security.framework */; };
		994D54171BE322D40037AC72 /* Social.framework in Frameworks */ = {isa = PBXBuildFile; fileRef = 994D540B1BE322D40037AC72 /* Social.framework */; };
		994D54191BE322D40037AC72 /* SystemConfiguration.framework in Frameworks */ = {isa = PBXBuildFile; fileRef = 994D540D1BE322D40037AC72 /* SystemConfiguration.framework */; };
		99C2B9271BE315390043AD69 /* AppDelegate.swift in Sources */ = {isa = PBXBuildFile; fileRef = 99C2B9261BE315390043AD69 /* AppDelegate.swift */; };
		99C2B9291BE315390043AD69 /* ViewController.swift in Sources */ = {isa = PBXBuildFile; fileRef = 99C2B9281BE315390043AD69 /* ViewController.swift */; };
		99C2B92C1BE315390043AD69 /* Main.storyboard in Resources */ = {isa = PBXBuildFile; fileRef = 99C2B92A1BE315390043AD69 /* Main.storyboard */; };
		99C2B92E1BE315390043AD69 /* Assets.xcassets in Resources */ = {isa = PBXBuildFile; fileRef = 99C2B92D1BE315390043AD69 /* Assets.xcassets */; };
		99C2B9311BE315390043AD69 /* LaunchScreen.storyboard in Resources */ = {isa = PBXBuildFile; fileRef = 99C2B92F1BE315390043AD69 /* LaunchScreen.storyboard */; };
		99C2B9651BE317160043AD69 /* CLPContainer.m in Sources */ = {isa = PBXBuildFile; fileRef = 99C2B9391BE317160043AD69 /* CLPContainer.m */; };
		99C2B9661BE317160043AD69 /* CLPMediaControl.m in Sources */ = {isa = PBXBuildFile; fileRef = 99C2B93A1BE317160043AD69 /* CLPMediaControl.m */; };
		99C2B9671BE317160043AD69 /* KFBroadcastViewController.m in Sources */ = {isa = PBXBuildFile; fileRef = 99C2B93B1BE317160043AD69 /* KFBroadcastViewController.m */; };
		99C2B9681BE317160043AD69 /* KFRecorder.m in Sources */ = {isa = PBXBuildFile; fileRef = 99C2B93D1BE317160043AD69 /* KFRecorder.m */; };
		99C2B9691BE317160043AD69 /* KFHLSUploader.m in Sources */ = {isa = PBXBuildFile; fileRef = 99C2B93E1BE317160043AD69 /* KFHLSUploader.m */; };
		99C2B96A1BE317160043AD69 /* KFHLSManifestGenerator.m in Sources */ = {isa = PBXBuildFile; fileRef = 99C2B93F1BE317160043AD69 /* KFHLSManifestGenerator.m */; };
		99C2B96B1BE317160043AD69 /* Kickflip.m in Sources */ = {isa = PBXBuildFile; fileRef = 99C2B9411BE317160043AD69 /* Kickflip.m */; };
		99C2B96C1BE317160043AD69 /* CLPAVFoundationPlayback.m in Sources */ = {isa = PBXBuildFile; fileRef = 99C2B9431BE317160043AD69 /* CLPAVFoundationPlayback.m */; };
		99C2B96D1BE317160043AD69 /* KFHLSMonitor.m in Sources */ = {isa = PBXBuildFile; fileRef = 99C2B9461BE317160043AD69 /* KFHLSMonitor.m */; };
		99C2B96E1BE317160043AD69 /* KFAPIClient.m in Sources */ = {isa = PBXBuildFile; fileRef = 99C2B9491BE317160043AD69 /* KFAPIClient.m */; };
		99C2B96F1BE317160043AD69 /* AVEncoder.mm in Sources */ = {isa = PBXBuildFile; fileRef = 99C2B94A1BE317160043AD69 /* AVEncoder.mm */; };
		99C2B9701BE317160043AD69 /* KFAWSCredentialsProvider.m in Sources */ = {isa = PBXBuildFile; fileRef = 99C2B94B1BE317160043AD69 /* KFAWSCredentialsProvider.m */; };
		99C2B9711BE317160043AD69 /* KFS3Stream.m in Sources */ = {isa = PBXBuildFile; fileRef = 99C2B94D1BE317160043AD69 /* KFS3Stream.m */; };
		99C2B9721BE317160043AD69 /* KFUser.m in Sources */ = {isa = PBXBuildFile; fileRef = 99C2B94E1BE317160043AD69 /* KFUser.m */; };
		99C2B9731BE317160043AD69 /* KFAACEncoder.m in Sources */ = {isa = PBXBuildFile; fileRef = 99C2B9511BE317160043AD69 /* KFAACEncoder.m */; };
		99C2B9741BE317160043AD69 /* KFAudioEncoder.m in Sources */ = {isa = PBXBuildFile; fileRef = 99C2B9541BE317160043AD69 /* KFAudioEncoder.m */; };
		99C2B9751BE317160043AD69 /* KFCameraReverse@2x.png in Resources */ = {isa = PBXBuildFile; fileRef = 99C2B9551BE317160043AD69 /* KFCameraReverse@2x.png */; };
		99C2B9761BE317160043AD69 /* KFCameraReversePressed@2x.png in Resources */ = {isa = PBXBuildFile; fileRef = 99C2B9561BE317160043AD69 /* KFCameraReversePressed@2x.png */; };
		99C2B9771BE317160043AD69 /* KFDateUtils.m in Sources */ = {isa = PBXBuildFile; fileRef = 99C2B9581BE317160043AD69 /* KFDateUtils.m */; };
		99C2B9781BE317160043AD69 /* KFDeviceRotation@2x.png in Resources */ = {isa = PBXBuildFile; fileRef = 99C2B9591BE317160043AD69 /* KFDeviceRotation@2x.png */; };
		99C2B9791BE317160043AD69 /* KFDirectoryWatcher.m in Sources */ = {isa = PBXBuildFile; fileRef = 99C2B95B1BE317160043AD69 /* KFDirectoryWatcher.m */; };
		99C2B97A1BE317160043AD69 /* KFEncoder.m in Sources */ = {isa = PBXBuildFile; fileRef = 99C2B95D1BE317160043AD69 /* KFEncoder.m */; };
		99C2B97B1BE317160043AD69 /* KFFrame.m in Sources */ = {isa = PBXBuildFile; fileRef = 99C2B95F1BE317160043AD69 /* KFFrame.m */; };
		99C2B97C1BE317160043AD69 /* KFH264Encoder.mm in Sources */ = {isa = PBXBuildFile; fileRef = 99C2B9611BE317160043AD69 /* KFH264Encoder.mm */; };
		99C2B97D1BE317160043AD69 /* KFHLSWriter.m in Sources */ = {isa = PBXBuildFile; fileRef = 99C2B9641BE317160043AD69 /* KFHLSWriter.m */; };
		99C2B9C71BE317850043AD69 /* KFLiveBannerView.m in Sources */ = {isa = PBXBuildFile; fileRef = 99C2B97E1BE317850043AD69 /* KFLiveBannerView.m */; };
		99C2B9C81BE317850043AD69 /* KFPaginationInfo.m in Sources */ = {isa = PBXBuildFile; fileRef = 99C2B9811BE317850043AD69 /* KFPaginationInfo.m */; };
		99C2B9C91BE317850043AD69 /* KFRecordButton.m in Sources */ = {isa = PBXBuildFile; fileRef = 99C2B9831BE317850043AD69 /* KFRecordButton.m */; };
		99C2B9CA1BE317850043AD69 /* KFRecordButtonBorder@2x.png in Resources */ = {isa = PBXBuildFile; fileRef = 99C2B9841BE317850043AD69 /* KFRecordButtonBorder@2x.png */; };
		99C2B9CB1BE317850043AD69 /* KFRecordButtonStart@2x.png in Resources */ = {isa = PBXBuildFile; fileRef = 99C2B9851BE317850043AD69 /* KFRecordButtonStart@2x.png */; };
		99C2B9CC1BE317850043AD69 /* KFRecordButtonStop@2x.png in Resources */ = {isa = PBXBuildFile; fileRef = 99C2B9861BE317850043AD69 /* KFRecordButtonStop@2x.png */; };
		99C2B9CD1BE317850043AD69 /* KFRTMPStream.m in Sources */ = {isa = PBXBuildFile; fileRef = 99C2B9881BE317850043AD69 /* KFRTMPStream.m */; };
		99C2B9CE1BE317850043AD69 /* KFStream.m in Sources */ = {isa = PBXBuildFile; fileRef = 99C2B98A1BE317850043AD69 /* KFStream.m */; };
		99C2B9CF1BE317850043AD69 /* KFStreamTableViewCell.m in Sources */ = {isa = PBXBuildFile; fileRef = 99C2B98C1BE317850043AD69 /* KFStreamTableViewCell.m */; };
		99C2B9D01BE317850043AD69 /* KFStreamTableViewCellDots@2x.png in Resources */ = {isa = PBXBuildFile; fileRef = 99C2B98D1BE317850043AD69 /* KFStreamTableViewCellDots@2x.png */; };
		99C2B9D11BE317850043AD69 /* KFVideoEncoder.m in Sources */ = {isa = PBXBuildFile; fileRef = 99C2B9901BE317850043AD69 /* KFVideoEncoder.m */; };
		99C2B9D21BE317850043AD69 /* KFVideoFrame.m in Sources */ = {isa = PBXBuildFile; fileRef = 99C2B9921BE317850043AD69 /* KFVideoFrame.m */; };
		99C2B9D31BE317850043AD69 /* MP4Atom.m in Sources */ = {isa = PBXBuildFile; fileRef = 99C2B9951BE317850043AD69 /* MP4Atom.m */; };
		99C2B9D41BE317850043AD69 /* NALUnit.cpp in Sources */ = {isa = PBXBuildFile; fileRef = 99C2B9961BE317850043AD69 /* NALUnit.cpp */; };
		99C2B9D51BE317850043AD69 /* VideoEncoder.m in Sources */ = {isa = PBXBuildFile; fileRef = 99C2B9991BE317850043AD69 /* VideoEncoder.m */; };
		99C2B9D61BE317850043AD69 /* CLPAVPlayerView.m in Sources */ = {isa = PBXBuildFile; fileRef = 99C2B99C1BE317850043AD69 /* CLPAVPlayerView.m */; };
		99C2B9D71BE317850043AD69 /* CLPBaseObject.m in Sources */ = {isa = PBXBuildFile; fileRef = 99C2B99E1BE317850043AD69 /* CLPBaseObject.m */; };
		99C2B9D81BE317850043AD69 /* CLPContainerFactory.m in Sources */ = {isa = PBXBuildFile; fileRef = 99C2B9A11BE317850043AD69 /* CLPContainerFactory.m */; };
		99C2B9D91BE317850043AD69 /* CLPCore.m in Sources */ = {isa = PBXBuildFile; fileRef = 99C2B9A31BE317850043AD69 /* CLPCore.m */; };
		99C2B9DA1BE317850043AD69 /* CLPCoreFactory.m in Sources */ = {isa = PBXBuildFile; fileRef = 99C2B9A51BE317850043AD69 /* CLPCoreFactory.m */; };
		99C2B9DB1BE317850043AD69 /* CLPEventHandler.m in Sources */ = {isa = PBXBuildFile; fileRef = 99C2B9A71BE317850043AD69 /* CLPEventHandler.m */; };
		99C2B9DC1BE317850043AD69 /* CLPGradientView.m in Sources */ = {isa = PBXBuildFile; fileRef = 99C2B9A91BE317850043AD69 /* CLPGradientView.m */; };
		99C2B9DD1BE317850043AD69 /* CLPLoader.m in Sources */ = {isa = PBXBuildFile; fileRef = 99C2B9AB1BE317850043AD69 /* CLPLoader.m */; };
		99C2B9DE1BE317850043AD69 /* CLPPlayback.m in Sources */ = {isa = PBXBuildFile; fileRef = 99C2B9AE1BE317850043AD69 /* CLPPlayback.m */; };
		99C2B9DF1BE317850043AD69 /* CLPPlayback+Factory.m in Sources */ = {isa = PBXBuildFile; fileRef = 99C2B9B01BE317850043AD69 /* CLPPlayback+Factory.m */; };
		99C2B9E01BE317850043AD69 /* CLPPlayer.m in Sources */ = {isa = PBXBuildFile; fileRef = 99C2B9B21BE317850043AD69 /* CLPPlayer.m */; };
		99C2B9E11BE317850043AD69 /* CLPPlugin.m in Sources */ = {isa = PBXBuildFile; fileRef = 99C2B9B41BE317850043AD69 /* CLPPlugin.m */; };
		99C2B9E21BE317850043AD69 /* CLPScrubberView.m in Sources */ = {isa = PBXBuildFile; fileRef = 99C2B9B61BE317850043AD69 /* CLPScrubberView.m */; };
		99C2B9E31BE317850043AD69 /* CLPSpinnerThreeBouncePlugin.m in Sources */ = {isa = PBXBuildFile; fileRef = 99C2B9B81BE317850043AD69 /* CLPSpinnerThreeBouncePlugin.m */; };
		99C2B9E41BE317850043AD69 /* CLPUIContainerPlugin.m in Sources */ = {isa = PBXBuildFile; fileRef = 99C2B9BA1BE317850043AD69 /* CLPUIContainerPlugin.m */; };
		99C2B9E51BE317850043AD69 /* CLPUICorePlugin.m in Sources */ = {isa = PBXBuildFile; fileRef = 99C2B9BC1BE317850043AD69 /* CLPUICorePlugin.m */; };
		99C2B9E61BE317850043AD69 /* CLPUIObject.m in Sources */ = {isa = PBXBuildFile; fileRef = 99C2B9BD1BE317850043AD69 /* CLPUIObject.m */; };
		99C2B9E71BE317850043AD69 /* CLPUIPlugin.m in Sources */ = {isa = PBXBuildFile; fileRef = 99C2B9BF1BE317850043AD69 /* CLPUIPlugin.m */; };
		99C2B9E81BE317850043AD69 /* FullscreenViewController.m in Sources */ = {isa = PBXBuildFile; fileRef = 99C2B9C11BE317850043AD69 /* FullscreenViewController.m */; };
		99C2B9E91BE317850043AD69 /* Player.m in Sources */ = {isa = PBXBuildFile; fileRef = 99C2B9C31BE317850043AD69 /* Player.m */; };
		99C2B9EA1BE317850043AD69 /* StyleSettings.plist in Resources */ = {isa = PBXBuildFile; fileRef = 99C2B9C41BE317850043AD69 /* StyleSettings.plist */; };
		99C2B9EB1BE317850043AD69 /* UIView+NSLayoutConstraints.m in Sources */ = {isa = PBXBuildFile; fileRef = 99C2B9C61BE317850043AD69 /* UIView+NSLayoutConstraints.m */; };
		99C2B9EF1BE319150043AD69 /* chatCell.xib in Resources */ = {isa = PBXBuildFile; fileRef = 99C2B9EE1BE319150043AD69 /* chatCell.xib */; };
		99C2B9F11BE3191A0043AD69 /* chatTableViewCell.swift in Sources */ = {isa = PBXBuildFile; fileRef = 99C2B9F01BE3191A0043AD69 /* chatTableViewCell.swift */; };
/* End PBXBuildFile section */

/* Begin PBXFileReference section */
		99005F5C1BE3E6A8000AF438 /* potentialEventsTableViewController.swift */ = {isa = PBXFileReference; fileEncoding = 4; lastKnownFileType = sourcecode.swift; path = potentialEventsTableViewController.swift; sourceTree = "<group>"; };
		992DD4F31BE41888006720B7 /* feedsTable.swift */ = {isa = PBXFileReference; fileEncoding = 4; lastKnownFileType = sourcecode.swift; path = feedsTable.swift; sourceTree = "<group>"; };
		992DD4F41BE41888006720B7 /* feedsTabViewController.swift */ = {isa = PBXFileReference; fileEncoding = 4; lastKnownFileType = sourcecode.swift; path = feedsTabViewController.swift; sourceTree = "<group>"; };
		992DD4F71BE41888006720B7 /* feedsCell.xib */ = {isa = PBXFileReference; fileEncoding = 4; lastKnownFileType = file.xib; path = feedsCell.xib; sourceTree = "<group>"; };
		992DD4F81BE41888006720B7 /* feedsTableViewCell.swift */ = {isa = PBXFileReference; fileEncoding = 4; lastKnownFileType = sourcecode.swift; path = feedsTableViewCell.swift; sourceTree = "<group>"; };
		992DD5011BE41978006720B7 /* filmerWatchFeed.swift */ = {isa = PBXFileReference; fileEncoding = 4; lastKnownFileType = sourcecode.swift; path = filmerWatchFeed.swift; sourceTree = "<group>"; };
		992DD5031BE41B16006720B7 /* Event.swift */ = {isa = PBXFileReference; fileEncoding = 4; lastKnownFileType = sourcecode.swift; path = Event.swift; sourceTree = "<group>"; };
		992DD5051BE41BA8006720B7 /* filmerFeedsMapView.swift */ = {isa = PBXFileReference; fileEncoding = 4; lastKnownFileType = sourcecode.swift; path = filmerFeedsMapView.swift; sourceTree = "<group>"; };
		994D53F71BE31F370037AC72 /* eventsCell.xib */ = {isa = PBXFileReference; fileEncoding = 4; lastKnownFileType = file.xib; path = eventsCell.xib; sourceTree = "<group>"; };
		994D53F91BE31F460037AC72 /* nearMeTableViewController.swift */ = {isa = PBXFileReference; fileEncoding = 4; lastKnownFileType = sourcecode.swift; path = nearMeTableViewController.swift; sourceTree = "<group>"; };
		994D53FB1BE31F9F0037AC72 /* Clappr.h */ = {isa = PBXFileReference; lastKnownFileType = sourcecode.c.h; path = Clappr.h; sourceTree = "<group>"; };
		994D53FC1BE320A60037AC72 /* eventsTableViewCell.swift */ = {isa = PBXFileReference; fileEncoding = 4; lastKnownFileType = sourcecode.swift; path = eventsTableViewCell.swift; sourceTree = "<group>"; };
		994D53FE1BE320C50037AC72 /* utility_functions.swift */ = {isa = PBXFileReference; fileEncoding = 4; lastKnownFileType = sourcecode.swift; path = utility_functions.swift; sourceTree = "<group>"; };
		994D54001BE3222D0037AC72 /* libBolts.a */ = {isa = PBXFileReference; lastKnownFileType = archive.ar; name = libBolts.a; path = "Pods/../build/Debug-iphoneos/libBolts.a"; sourceTree = "<group>"; };
		994D54021BE322D40037AC72 /* Accounts.framework */ = {isa = PBXFileReference; lastKnownFileType = wrapper.framework; name = Accounts.framework; path = System/Library/Frameworks/Accounts.framework; sourceTree = SDKROOT; };
		994D54031BE322D40037AC72 /* AudioToolbox.framework */ = {isa = PBXFileReference; lastKnownFileType = wrapper.framework; name = AudioToolbox.framework; path = System/Library/Frameworks/AudioToolbox.framework; sourceTree = SDKROOT; };
		994D54041BE322D40037AC72 /* CFNetwork.framework */ = {isa = PBXFileReference; lastKnownFileType = wrapper.framework; name = CFNetwork.framework; path = System/Library/Frameworks/CFNetwork.framework; sourceTree = SDKROOT; };
		994D54051BE322D40037AC72 /* CoreGraphics.framework */ = {isa = PBXFileReference; lastKnownFileType = wrapper.framework; name = CoreGraphics.framework; path = System/Library/Frameworks/CoreGraphics.framework; sourceTree = SDKROOT; };
		994D54061BE322D40037AC72 /* CoreLocation.framework */ = {isa = PBXFileReference; lastKnownFileType = wrapper.framework; name = CoreLocation.framework; path = System/Library/Frameworks/CoreLocation.framework; sourceTree = SDKROOT; };
		994D54071BE322D40037AC72 /* libsqlite3.tbd */ = {isa = PBXFileReference; lastKnownFileType = "sourcecode.text-based-dylib-definition"; name = libsqlite3.tbd; path = usr/lib/libsqlite3.tbd; sourceTree = SDKROOT; };
		994D54081BE322D40037AC72 /* libz.tbd */ = {isa = PBXFileReference; lastKnownFileType = "sourcecode.text-based-dylib-definition"; name = libz.tbd; path = usr/lib/libz.tbd; sourceTree = SDKROOT; };
		994D54091BE322D40037AC72 /* QuartzCore.framework */ = {isa = PBXFileReference; lastKnownFileType = wrapper.framework; name = QuartzCore.framework; path = System/Library/Frameworks/QuartzCore.framework; sourceTree = SDKROOT; };
		994D540A1BE322D40037AC72 /* Security.framework */ = {isa = PBXFileReference; lastKnownFileType = wrapper.framework; name = Security.framework; path = System/Library/Frameworks/Security.framework; sourceTree = SDKROOT; };
		994D540B1BE322D40037AC72 /* Social.framework */ = {isa = PBXFileReference; lastKnownFileType = wrapper.framework; name = Social.framework; path = System/Library/Frameworks/Social.framework; sourceTree = SDKROOT; };
		994D540D1BE322D40037AC72 /* SystemConfiguration.framework */ = {isa = PBXFileReference; lastKnownFileType = wrapper.framework; name = SystemConfiguration.framework; path = System/Library/Frameworks/SystemConfiguration.framework; sourceTree = SDKROOT; };
		99C2B9231BE315390043AD69 /* Crowdseye Filmer.app */ = {isa = PBXFileReference; explicitFileType = wrapper.application; includeInIndex = 0; path = "Crowdseye Filmer.app"; sourceTree = BUILT_PRODUCTS_DIR; };
		99C2B9261BE315390043AD69 /* AppDelegate.swift */ = {isa = PBXFileReference; lastKnownFileType = sourcecode.swift; path = AppDelegate.swift; sourceTree = "<group>"; };
		99C2B9281BE315390043AD69 /* ViewController.swift */ = {isa = PBXFileReference; lastKnownFileType = sourcecode.swift; path = ViewController.swift; sourceTree = "<group>"; };
		99C2B92B1BE315390043AD69 /* Base */ = {isa = PBXFileReference; lastKnownFileType = file.storyboard; name = Base; path = Base.lproj/Main.storyboard; sourceTree = "<group>"; };
		99C2B92D1BE315390043AD69 /* Assets.xcassets */ = {isa = PBXFileReference; lastKnownFileType = folder.assetcatalog; path = Assets.xcassets; sourceTree = "<group>"; };
		99C2B9301BE315390043AD69 /* Base */ = {isa = PBXFileReference; lastKnownFileType = file.storyboard; name = Base; path = Base.lproj/LaunchScreen.storyboard; sourceTree = "<group>"; };
		99C2B9321BE315390043AD69 /* Info.plist */ = {isa = PBXFileReference; lastKnownFileType = text.plist.xml; path = Info.plist; sourceTree = "<group>"; };
		99C2B9381BE317160043AD69 /* Crowdseye Filmer-Bridging-Header.h */ = {isa = PBXFileReference; lastKnownFileType = sourcecode.c.h; path = "Crowdseye Filmer-Bridging-Header.h"; sourceTree = "<group>"; };
		99C2B9391BE317160043AD69 /* CLPContainer.m */ = {isa = PBXFileReference; fileEncoding = 4; lastKnownFileType = sourcecode.c.objc; path = CLPContainer.m; sourceTree = "<group>"; };
		99C2B93A1BE317160043AD69 /* CLPMediaControl.m */ = {isa = PBXFileReference; fileEncoding = 4; lastKnownFileType = sourcecode.c.objc; path = CLPMediaControl.m; sourceTree = "<group>"; };
		99C2B93B1BE317160043AD69 /* KFBroadcastViewController.m */ = {isa = PBXFileReference; fileEncoding = 4; lastKnownFileType = sourcecode.c.objc; path = KFBroadcastViewController.m; sourceTree = "<group>"; };
		99C2B93C1BE317160043AD69 /* KFRecorder.h */ = {isa = PBXFileReference; fileEncoding = 4; lastKnownFileType = sourcecode.c.h; path = KFRecorder.h; sourceTree = "<group>"; };
		99C2B93D1BE317160043AD69 /* KFRecorder.m */ = {isa = PBXFileReference; fileEncoding = 4; lastKnownFileType = sourcecode.c.objc; path = KFRecorder.m; sourceTree = "<group>"; };
		99C2B93E1BE317160043AD69 /* KFHLSUploader.m */ = {isa = PBXFileReference; fileEncoding = 4; lastKnownFileType = sourcecode.c.objc; path = KFHLSUploader.m; sourceTree = "<group>"; };
		99C2B93F1BE317160043AD69 /* KFHLSManifestGenerator.m */ = {isa = PBXFileReference; fileEncoding = 4; lastKnownFileType = sourcecode.c.objc; path = KFHLSManifestGenerator.m; sourceTree = "<group>"; };
		99C2B9401BE317160043AD69 /* Kickflip.h */ = {isa = PBXFileReference; fileEncoding = 4; lastKnownFileType = sourcecode.c.h; path = Kickflip.h; sourceTree = "<group>"; };
		99C2B9411BE317160043AD69 /* Kickflip.m */ = {isa = PBXFileReference; fileEncoding = 4; lastKnownFileType = sourcecode.c.objc; path = Kickflip.m; sourceTree = "<group>"; };
		99C2B9421BE317160043AD69 /* KFBroadcastViewController.h */ = {isa = PBXFileReference; fileEncoding = 4; lastKnownFileType = sourcecode.c.h; path = KFBroadcastViewController.h; sourceTree = "<group>"; };
		99C2B9431BE317160043AD69 /* CLPAVFoundationPlayback.m */ = {isa = PBXFileReference; fileEncoding = 4; lastKnownFileType = sourcecode.c.objc; path = CLPAVFoundationPlayback.m; sourceTree = "<group>"; };
		99C2B9441BE317160043AD69 /* KFHLSManifestGenerator.h */ = {isa = PBXFileReference; fileEncoding = 4; lastKnownFileType = sourcecode.c.h; path = KFHLSManifestGenerator.h; sourceTree = "<group>"; };
		99C2B9451BE317160043AD69 /* KFHLSMonitor.h */ = {isa = PBXFileReference; fileEncoding = 4; lastKnownFileType = sourcecode.c.h; path = KFHLSMonitor.h; sourceTree = "<group>"; };
		99C2B9461BE317160043AD69 /* KFHLSMonitor.m */ = {isa = PBXFileReference; fileEncoding = 4; lastKnownFileType = sourcecode.c.objc; path = KFHLSMonitor.m; sourceTree = "<group>"; };
		99C2B9471BE317160043AD69 /* KFAWSCredentialsProvider.h */ = {isa = PBXFileReference; fileEncoding = 4; lastKnownFileType = sourcecode.c.h; path = KFAWSCredentialsProvider.h; sourceTree = "<group>"; };
		99C2B9481BE317160043AD69 /* KFLiveBannerView.h */ = {isa = PBXFileReference; fileEncoding = 4; lastKnownFileType = sourcecode.c.h; path = KFLiveBannerView.h; sourceTree = "<group>"; };
		99C2B9491BE317160043AD69 /* KFAPIClient.m */ = {isa = PBXFileReference; fileEncoding = 4; lastKnownFileType = sourcecode.c.objc; path = KFAPIClient.m; sourceTree = "<group>"; };
		99C2B94A1BE317160043AD69 /* AVEncoder.mm */ = {isa = PBXFileReference; fileEncoding = 4; lastKnownFileType = sourcecode.cpp.objcpp; path = AVEncoder.mm; sourceTree = "<group>"; };
		99C2B94B1BE317160043AD69 /* KFAWSCredentialsProvider.m */ = {isa = PBXFileReference; fileEncoding = 4; lastKnownFileType = sourcecode.c.objc; path = KFAWSCredentialsProvider.m; sourceTree = "<group>"; };
		99C2B94C1BE317160043AD69 /* KFStream.h */ = {isa = PBXFileReference; fileEncoding = 4; lastKnownFileType = sourcecode.c.h; path = KFStream.h; sourceTree = "<group>"; };
		99C2B94D1BE317160043AD69 /* KFS3Stream.m */ = {isa = PBXFileReference; fileEncoding = 4; lastKnownFileType = sourcecode.c.objc; path = KFS3Stream.m; sourceTree = "<group>"; };
		99C2B94E1BE317160043AD69 /* KFUser.m */ = {isa = PBXFileReference; fileEncoding = 4; lastKnownFileType = sourcecode.c.objc; path = KFUser.m; sourceTree = "<group>"; };
		99C2B94F1BE317160043AD69 /* AVEncoder.h */ = {isa = PBXFileReference; fileEncoding = 4; lastKnownFileType = sourcecode.c.h; path = AVEncoder.h; sourceTree = "<group>"; };
		99C2B9501BE317160043AD69 /* KFAACEncoder.h */ = {isa = PBXFileReference; fileEncoding = 4; lastKnownFileType = sourcecode.c.h; path = KFAACEncoder.h; sourceTree = "<group>"; };
		99C2B9511BE317160043AD69 /* KFAACEncoder.m */ = {isa = PBXFileReference; fileEncoding = 4; lastKnownFileType = sourcecode.c.objc; path = KFAACEncoder.m; sourceTree = "<group>"; };
		99C2B9521BE317160043AD69 /* KFAPIClient.h */ = {isa = PBXFileReference; fileEncoding = 4; lastKnownFileType = sourcecode.c.h; path = KFAPIClient.h; sourceTree = "<group>"; };
		99C2B9531BE317160043AD69 /* KFAudioEncoder.h */ = {isa = PBXFileReference; fileEncoding = 4; lastKnownFileType = sourcecode.c.h; path = KFAudioEncoder.h; sourceTree = "<group>"; };
		99C2B9541BE317160043AD69 /* KFAudioEncoder.m */ = {isa = PBXFileReference; fileEncoding = 4; lastKnownFileType = sourcecode.c.objc; path = KFAudioEncoder.m; sourceTree = "<group>"; };
		99C2B9551BE317160043AD69 /* KFCameraReverse@2x.png */ = {isa = PBXFileReference; lastKnownFileType = image.png; path = "KFCameraReverse@2x.png"; sourceTree = "<group>"; };
		99C2B9561BE317160043AD69 /* KFCameraReversePressed@2x.png */ = {isa = PBXFileReference; lastKnownFileType = image.png; path = "KFCameraReversePressed@2x.png"; sourceTree = "<group>"; };
		99C2B9571BE317160043AD69 /* KFDateUtils.h */ = {isa = PBXFileReference; fileEncoding = 4; lastKnownFileType = sourcecode.c.h; path = KFDateUtils.h; sourceTree = "<group>"; };
		99C2B9581BE317160043AD69 /* KFDateUtils.m */ = {isa = PBXFileReference; fileEncoding = 4; lastKnownFileType = sourcecode.c.objc; path = KFDateUtils.m; sourceTree = "<group>"; };
		99C2B9591BE317160043AD69 /* KFDeviceRotation@2x.png */ = {isa = PBXFileReference; lastKnownFileType = image.png; path = "KFDeviceRotation@2x.png"; sourceTree = "<group>"; };
		99C2B95A1BE317160043AD69 /* KFDirectoryWatcher.h */ = {isa = PBXFileReference; fileEncoding = 4; lastKnownFileType = sourcecode.c.h; path = KFDirectoryWatcher.h; sourceTree = "<group>"; };
		99C2B95B1BE317160043AD69 /* KFDirectoryWatcher.m */ = {isa = PBXFileReference; fileEncoding = 4; lastKnownFileType = sourcecode.c.objc; path = KFDirectoryWatcher.m; sourceTree = "<group>"; };
		99C2B95C1BE317160043AD69 /* KFEncoder.h */ = {isa = PBXFileReference; fileEncoding = 4; lastKnownFileType = sourcecode.c.h; path = KFEncoder.h; sourceTree = "<group>"; };
		99C2B95D1BE317160043AD69 /* KFEncoder.m */ = {isa = PBXFileReference; fileEncoding = 4; lastKnownFileType = sourcecode.c.objc; path = KFEncoder.m; sourceTree = "<group>"; };
		99C2B95E1BE317160043AD69 /* KFFrame.h */ = {isa = PBXFileReference; fileEncoding = 4; lastKnownFileType = sourcecode.c.h; path = KFFrame.h; sourceTree = "<group>"; };
		99C2B95F1BE317160043AD69 /* KFFrame.m */ = {isa = PBXFileReference; fileEncoding = 4; lastKnownFileType = sourcecode.c.objc; path = KFFrame.m; sourceTree = "<group>"; };
		99C2B9601BE317160043AD69 /* KFH264Encoder.h */ = {isa = PBXFileReference; fileEncoding = 4; lastKnownFileType = sourcecode.c.h; path = KFH264Encoder.h; sourceTree = "<group>"; };
		99C2B9611BE317160043AD69 /* KFH264Encoder.mm */ = {isa = PBXFileReference; fileEncoding = 4; lastKnownFileType = sourcecode.cpp.objcpp; path = KFH264Encoder.mm; sourceTree = "<group>"; };
		99C2B9621BE317160043AD69 /* KFHLSUploader.h */ = {isa = PBXFileReference; fileEncoding = 4; lastKnownFileType = sourcecode.c.h; path = KFHLSUploader.h; sourceTree = "<group>"; };
		99C2B9631BE317160043AD69 /* KFHLSWriter.h */ = {isa = PBXFileReference; fileEncoding = 4; lastKnownFileType = sourcecode.c.h; path = KFHLSWriter.h; sourceTree = "<group>"; };
		99C2B9641BE317160043AD69 /* KFHLSWriter.m */ = {isa = PBXFileReference; fileEncoding = 4; lastKnownFileType = sourcecode.c.objc; path = KFHLSWriter.m; sourceTree = "<group>"; };
		99C2B97E1BE317850043AD69 /* KFLiveBannerView.m */ = {isa = PBXFileReference; fileEncoding = 4; lastKnownFileType = sourcecode.c.objc; path = KFLiveBannerView.m; sourceTree = "<group>"; };
		99C2B97F1BE317850043AD69 /* KFLog.h */ = {isa = PBXFileReference; fileEncoding = 4; lastKnownFileType = sourcecode.c.h; path = KFLog.h; sourceTree = "<group>"; };
		99C2B9801BE317850043AD69 /* KFPaginationInfo.h */ = {isa = PBXFileReference; fileEncoding = 4; lastKnownFileType = sourcecode.c.h; path = KFPaginationInfo.h; sourceTree = "<group>"; };
		99C2B9811BE317850043AD69 /* KFPaginationInfo.m */ = {isa = PBXFileReference; fileEncoding = 4; lastKnownFileType = sourcecode.c.objc; path = KFPaginationInfo.m; sourceTree = "<group>"; };
		99C2B9821BE317850043AD69 /* KFRecordButton.h */ = {isa = PBXFileReference; fileEncoding = 4; lastKnownFileType = sourcecode.c.h; path = KFRecordButton.h; sourceTree = "<group>"; };
		99C2B9831BE317850043AD69 /* KFRecordButton.m */ = {isa = PBXFileReference; fileEncoding = 4; lastKnownFileType = sourcecode.c.objc; path = KFRecordButton.m; sourceTree = "<group>"; };
		99C2B9841BE317850043AD69 /* KFRecordButtonBorder@2x.png */ = {isa = PBXFileReference; lastKnownFileType = image.png; path = "KFRecordButtonBorder@2x.png"; sourceTree = "<group>"; };
		99C2B9851BE317850043AD69 /* KFRecordButtonStart@2x.png */ = {isa = PBXFileReference; lastKnownFileType = image.png; path = "KFRecordButtonStart@2x.png"; sourceTree = "<group>"; };
		99C2B9861BE317850043AD69 /* KFRecordButtonStop@2x.png */ = {isa = PBXFileReference; lastKnownFileType = image.png; path = "KFRecordButtonStop@2x.png"; sourceTree = "<group>"; };
		99C2B9871BE317850043AD69 /* KFRTMPStream.h */ = {isa = PBXFileReference; fileEncoding = 4; lastKnownFileType = sourcecode.c.h; path = KFRTMPStream.h; sourceTree = "<group>"; };
		99C2B9881BE317850043AD69 /* KFRTMPStream.m */ = {isa = PBXFileReference; fileEncoding = 4; lastKnownFileType = sourcecode.c.objc; path = KFRTMPStream.m; sourceTree = "<group>"; };
		99C2B9891BE317850043AD69 /* KFS3Stream.h */ = {isa = PBXFileReference; fileEncoding = 4; lastKnownFileType = sourcecode.c.h; path = KFS3Stream.h; sourceTree = "<group>"; };
		99C2B98A1BE317850043AD69 /* KFStream.m */ = {isa = PBXFileReference; fileEncoding = 4; lastKnownFileType = sourcecode.c.objc; path = KFStream.m; sourceTree = "<group>"; };
		99C2B98B1BE317850043AD69 /* KFStreamTableViewCell.h */ = {isa = PBXFileReference; fileEncoding = 4; lastKnownFileType = sourcecode.c.h; path = KFStreamTableViewCell.h; sourceTree = "<group>"; };
		99C2B98C1BE317850043AD69 /* KFStreamTableViewCell.m */ = {isa = PBXFileReference; fileEncoding = 4; lastKnownFileType = sourcecode.c.objc; path = KFStreamTableViewCell.m; sourceTree = "<group>"; };
		99C2B98D1BE317850043AD69 /* KFStreamTableViewCellDots@2x.png */ = {isa = PBXFileReference; lastKnownFileType = image.png; path = "KFStreamTableViewCellDots@2x.png"; sourceTree = "<group>"; };
		99C2B98E1BE317850043AD69 /* KFUser.h */ = {isa = PBXFileReference; fileEncoding = 4; lastKnownFileType = sourcecode.c.h; path = KFUser.h; sourceTree = "<group>"; };
		99C2B98F1BE317850043AD69 /* KFVideoEncoder.h */ = {isa = PBXFileReference; fileEncoding = 4; lastKnownFileType = sourcecode.c.h; path = KFVideoEncoder.h; sourceTree = "<group>"; };
		99C2B9901BE317850043AD69 /* KFVideoEncoder.m */ = {isa = PBXFileReference; fileEncoding = 4; lastKnownFileType = sourcecode.c.objc; path = KFVideoEncoder.m; sourceTree = "<group>"; };
		99C2B9911BE317850043AD69 /* KFVideoFrame.h */ = {isa = PBXFileReference; fileEncoding = 4; lastKnownFileType = sourcecode.c.h; path = KFVideoFrame.h; sourceTree = "<group>"; };
		99C2B9921BE317850043AD69 /* KFVideoFrame.m */ = {isa = PBXFileReference; fileEncoding = 4; lastKnownFileType = sourcecode.c.objc; path = KFVideoFrame.m; sourceTree = "<group>"; };
		99C2B9931BE317850043AD69 /* Kickflip-Prefix.pch */ = {isa = PBXFileReference; fileEncoding = 4; lastKnownFileType = sourcecode.c.h; path = "Kickflip-Prefix.pch"; sourceTree = "<group>"; };
		99C2B9941BE317850043AD69 /* MP4Atom.h */ = {isa = PBXFileReference; fileEncoding = 4; lastKnownFileType = sourcecode.c.h; path = MP4Atom.h; sourceTree = "<group>"; };
		99C2B9951BE317850043AD69 /* MP4Atom.m */ = {isa = PBXFileReference; fileEncoding = 4; lastKnownFileType = sourcecode.c.objc; path = MP4Atom.m; sourceTree = "<group>"; };
		99C2B9961BE317850043AD69 /* NALUnit.cpp */ = {isa = PBXFileReference; fileEncoding = 4; lastKnownFileType = sourcecode.cpp.cpp; path = NALUnit.cpp; sourceTree = "<group>"; };
		99C2B9971BE317850043AD69 /* NALUnit.h */ = {isa = PBXFileReference; fileEncoding = 4; lastKnownFileType = sourcecode.c.h; path = NALUnit.h; sourceTree = "<group>"; };
		99C2B9981BE317850043AD69 /* VideoEncoder.h */ = {isa = PBXFileReference; fileEncoding = 4; lastKnownFileType = sourcecode.c.h; path = VideoEncoder.h; sourceTree = "<group>"; };
		99C2B9991BE317850043AD69 /* VideoEncoder.m */ = {isa = PBXFileReference; fileEncoding = 4; lastKnownFileType = sourcecode.c.objc; path = VideoEncoder.m; sourceTree = "<group>"; };
		99C2B99A1BE317850043AD69 /* CLPAVFoundationPlayback.h */ = {isa = PBXFileReference; fileEncoding = 4; lastKnownFileType = sourcecode.c.h; path = CLPAVFoundationPlayback.h; sourceTree = "<group>"; };
		99C2B99B1BE317850043AD69 /* CLPAVPlayerView.h */ = {isa = PBXFileReference; fileEncoding = 4; lastKnownFileType = sourcecode.c.h; path = CLPAVPlayerView.h; sourceTree = "<group>"; };
		99C2B99C1BE317850043AD69 /* CLPAVPlayerView.m */ = {isa = PBXFileReference; fileEncoding = 4; lastKnownFileType = sourcecode.c.objc; path = CLPAVPlayerView.m; sourceTree = "<group>"; };
		99C2B99D1BE317850043AD69 /* CLPBaseObject.h */ = {isa = PBXFileReference; fileEncoding = 4; lastKnownFileType = sourcecode.c.h; path = CLPBaseObject.h; sourceTree = "<group>"; };
		99C2B99E1BE317850043AD69 /* CLPBaseObject.m */ = {isa = PBXFileReference; fileEncoding = 4; lastKnownFileType = sourcecode.c.objc; path = CLPBaseObject.m; sourceTree = "<group>"; };
		99C2B99F1BE317850043AD69 /* CLPContainer.h */ = {isa = PBXFileReference; fileEncoding = 4; lastKnownFileType = sourcecode.c.h; path = CLPContainer.h; sourceTree = "<group>"; };
		99C2B9A01BE317850043AD69 /* CLPContainerFactory.h */ = {isa = PBXFileReference; fileEncoding = 4; lastKnownFileType = sourcecode.c.h; path = CLPContainerFactory.h; sourceTree = "<group>"; };
		99C2B9A11BE317850043AD69 /* CLPContainerFactory.m */ = {isa = PBXFileReference; fileEncoding = 4; lastKnownFileType = sourcecode.c.objc; path = CLPContainerFactory.m; sourceTree = "<group>"; };
		99C2B9A21BE317850043AD69 /* CLPCore.h */ = {isa = PBXFileReference; fileEncoding = 4; lastKnownFileType = sourcecode.c.h; path = CLPCore.h; sourceTree = "<group>"; };
		99C2B9A31BE317850043AD69 /* CLPCore.m */ = {isa = PBXFileReference; fileEncoding = 4; lastKnownFileType = sourcecode.c.objc; path = CLPCore.m; sourceTree = "<group>"; };
		99C2B9A41BE317850043AD69 /* CLPCoreFactory.h */ = {isa = PBXFileReference; fileEncoding = 4; lastKnownFileType = sourcecode.c.h; path = CLPCoreFactory.h; sourceTree = "<group>"; };
		99C2B9A51BE317850043AD69 /* CLPCoreFactory.m */ = {isa = PBXFileReference; fileEncoding = 4; lastKnownFileType = sourcecode.c.objc; path = CLPCoreFactory.m; sourceTree = "<group>"; };
		99C2B9A61BE317850043AD69 /* CLPEventHandler.h */ = {isa = PBXFileReference; fileEncoding = 4; lastKnownFileType = sourcecode.c.h; path = CLPEventHandler.h; sourceTree = "<group>"; };
		99C2B9A71BE317850043AD69 /* CLPEventHandler.m */ = {isa = PBXFileReference; fileEncoding = 4; lastKnownFileType = sourcecode.c.objc; path = CLPEventHandler.m; sourceTree = "<group>"; };
		99C2B9A81BE317850043AD69 /* CLPGradientView.h */ = {isa = PBXFileReference; fileEncoding = 4; lastKnownFileType = sourcecode.c.h; path = CLPGradientView.h; sourceTree = "<group>"; };
		99C2B9A91BE317850043AD69 /* CLPGradientView.m */ = {isa = PBXFileReference; fileEncoding = 4; lastKnownFileType = sourcecode.c.objc; path = CLPGradientView.m; sourceTree = "<group>"; };
		99C2B9AA1BE317850043AD69 /* CLPLoader.h */ = {isa = PBXFileReference; fileEncoding = 4; lastKnownFileType = sourcecode.c.h; path = CLPLoader.h; sourceTree = "<group>"; };
		99C2B9AB1BE317850043AD69 /* CLPLoader.m */ = {isa = PBXFileReference; fileEncoding = 4; lastKnownFileType = sourcecode.c.objc; path = CLPLoader.m; sourceTree = "<group>"; };
		99C2B9AC1BE317850043AD69 /* CLPMediaControl.h */ = {isa = PBXFileReference; fileEncoding = 4; lastKnownFileType = sourcecode.c.h; path = CLPMediaControl.h; sourceTree = "<group>"; };
		99C2B9AD1BE317850043AD69 /* CLPPlayback.h */ = {isa = PBXFileReference; fileEncoding = 4; lastKnownFileType = sourcecode.c.h; path = CLPPlayback.h; sourceTree = "<group>"; };
		99C2B9AE1BE317850043AD69 /* CLPPlayback.m */ = {isa = PBXFileReference; fileEncoding = 4; lastKnownFileType = sourcecode.c.objc; path = CLPPlayback.m; sourceTree = "<group>"; };
		99C2B9AF1BE317850043AD69 /* CLPPlayback+Factory.h */ = {isa = PBXFileReference; fileEncoding = 4; lastKnownFileType = sourcecode.c.h; path = "CLPPlayback+Factory.h"; sourceTree = "<group>"; };
		99C2B9B01BE317850043AD69 /* CLPPlayback+Factory.m */ = {isa = PBXFileReference; fileEncoding = 4; lastKnownFileType = sourcecode.c.objc; path = "CLPPlayback+Factory.m"; sourceTree = "<group>"; };
		99C2B9B11BE317850043AD69 /* CLPPlayer.h */ = {isa = PBXFileReference; fileEncoding = 4; lastKnownFileType = sourcecode.c.h; path = CLPPlayer.h; sourceTree = "<group>"; };
		99C2B9B21BE317850043AD69 /* CLPPlayer.m */ = {isa = PBXFileReference; fileEncoding = 4; lastKnownFileType = sourcecode.c.objc; path = CLPPlayer.m; sourceTree = "<group>"; };
		99C2B9B31BE317850043AD69 /* CLPPlugin.h */ = {isa = PBXFileReference; fileEncoding = 4; lastKnownFileType = sourcecode.c.h; path = CLPPlugin.h; sourceTree = "<group>"; };
		99C2B9B41BE317850043AD69 /* CLPPlugin.m */ = {isa = PBXFileReference; fileEncoding = 4; lastKnownFileType = sourcecode.c.objc; path = CLPPlugin.m; sourceTree = "<group>"; };
		99C2B9B51BE317850043AD69 /* CLPScrubberView.h */ = {isa = PBXFileReference; fileEncoding = 4; lastKnownFileType = sourcecode.c.h; path = CLPScrubberView.h; sourceTree = "<group>"; };
		99C2B9B61BE317850043AD69 /* CLPScrubberView.m */ = {isa = PBXFileReference; fileEncoding = 4; lastKnownFileType = sourcecode.c.objc; path = CLPScrubberView.m; sourceTree = "<group>"; };
		99C2B9B71BE317850043AD69 /* CLPSpinnerThreeBouncePlugin.h */ = {isa = PBXFileReference; fileEncoding = 4; lastKnownFileType = sourcecode.c.h; path = CLPSpinnerThreeBouncePlugin.h; sourceTree = "<group>"; };
		99C2B9B81BE317850043AD69 /* CLPSpinnerThreeBouncePlugin.m */ = {isa = PBXFileReference; fileEncoding = 4; lastKnownFileType = sourcecode.c.objc; path = CLPSpinnerThreeBouncePlugin.m; sourceTree = "<group>"; };
		99C2B9B91BE317850043AD69 /* CLPUIContainerPlugin.h */ = {isa = PBXFileReference; fileEncoding = 4; lastKnownFileType = sourcecode.c.h; path = CLPUIContainerPlugin.h; sourceTree = "<group>"; };
		99C2B9BA1BE317850043AD69 /* CLPUIContainerPlugin.m */ = {isa = PBXFileReference; fileEncoding = 4; lastKnownFileType = sourcecode.c.objc; path = CLPUIContainerPlugin.m; sourceTree = "<group>"; };
		99C2B9BB1BE317850043AD69 /* CLPUICorePlugin.h */ = {isa = PBXFileReference; fileEncoding = 4; lastKnownFileType = sourcecode.c.h; path = CLPUICorePlugin.h; sourceTree = "<group>"; };
		99C2B9BC1BE317850043AD69 /* CLPUICorePlugin.m */ = {isa = PBXFileReference; fileEncoding = 4; lastKnownFileType = sourcecode.c.objc; path = CLPUICorePlugin.m; sourceTree = "<group>"; };
		99C2B9BD1BE317850043AD69 /* CLPUIObject.m */ = {isa = PBXFileReference; fileEncoding = 4; lastKnownFileType = sourcecode.c.objc; path = CLPUIObject.m; sourceTree = "<group>"; };
		99C2B9BE1BE317850043AD69 /* CLPUIPlugin.h */ = {isa = PBXFileReference; fileEncoding = 4; lastKnownFileType = sourcecode.c.h; path = CLPUIPlugin.h; sourceTree = "<group>"; };
		99C2B9BF1BE317850043AD69 /* CLPUIPlugin.m */ = {isa = PBXFileReference; fileEncoding = 4; lastKnownFileType = sourcecode.c.objc; path = CLPUIPlugin.m; sourceTree = "<group>"; };
		99C2B9C01BE317850043AD69 /* FullscreenViewController.h */ = {isa = PBXFileReference; fileEncoding = 4; lastKnownFileType = sourcecode.c.h; path = FullscreenViewController.h; sourceTree = "<group>"; };
		99C2B9C11BE317850043AD69 /* FullscreenViewController.m */ = {isa = PBXFileReference; fileEncoding = 4; lastKnownFileType = sourcecode.c.objc; path = FullscreenViewController.m; sourceTree = "<group>"; };
		99C2B9C21BE317850043AD69 /* Player.h */ = {isa = PBXFileReference; fileEncoding = 4; lastKnownFileType = sourcecode.c.h; path = Player.h; sourceTree = "<group>"; };
		99C2B9C31BE317850043AD69 /* Player.m */ = {isa = PBXFileReference; fileEncoding = 4; lastKnownFileType = sourcecode.c.objc; path = Player.m; sourceTree = "<group>"; };
		99C2B9C41BE317850043AD69 /* StyleSettings.plist */ = {isa = PBXFileReference; fileEncoding = 4; lastKnownFileType = text.plist.xml; path = StyleSettings.plist; sourceTree = "<group>"; };
		99C2B9C51BE317850043AD69 /* UIView+NSLayoutConstraints.h */ = {isa = PBXFileReference; fileEncoding = 4; lastKnownFileType = sourcecode.c.h; path = "UIView+NSLayoutConstraints.h"; sourceTree = "<group>"; };
		99C2B9C61BE317850043AD69 /* UIView+NSLayoutConstraints.m */ = {isa = PBXFileReference; fileEncoding = 4; lastKnownFileType = sourcecode.c.objc; path = "UIView+NSLayoutConstraints.m"; sourceTree = "<group>"; };
		99C2B9ED1BE318BC0043AD69 /* CLPUIObject.h */ = {isa = PBXFileReference; fileEncoding = 4; lastKnownFileType = sourcecode.c.h; path = CLPUIObject.h; sourceTree = "<group>"; };
		99C2B9EE1BE319150043AD69 /* chatCell.xib */ = {isa = PBXFileReference; fileEncoding = 4; lastKnownFileType = file.xib; path = chatCell.xib; sourceTree = "<group>"; };
		99C2B9F01BE3191A0043AD69 /* chatTableViewCell.swift */ = {isa = PBXFileReference; fileEncoding = 4; lastKnownFileType = sourcecode.swift; path = chatTableViewCell.swift; sourceTree = "<group>"; };
		C56D549B9DF05EBBC578EDF5 /* Pods.debug.xcconfig */ = {isa = PBXFileReference; includeInIndex = 1; lastKnownFileType = text.xcconfig; name = Pods.debug.xcconfig; path = "Pods/Target Support Files/Pods/Pods.debug.xcconfig"; sourceTree = "<group>"; };
		D3D3D457BC1B29A0FC88723C /* Pods.release.xcconfig */ = {isa = PBXFileReference; includeInIndex = 1; lastKnownFileType = text.xcconfig; name = Pods.release.xcconfig; path = "Pods/Target Support Files/Pods/Pods.release.xcconfig"; sourceTree = "<group>"; };
		FD81385A4BC20E361A91F9BB /* libPods.a */ = {isa = PBXFileReference; explicitFileType = archive.ar; includeInIndex = 0; path = libPods.a; sourceTree = BUILT_PRODUCTS_DIR; };
/* End PBXFileReference section */

/* Begin PBXFrameworksBuildPhase section */
		99C2B9201BE315390043AD69 /* Frameworks */ = {
			isa = PBXFrameworksBuildPhase;
			buildActionMask = 2147483647;
			files = (
				994D540E1BE322D40037AC72 /* Accounts.framework in Frameworks */,
				994D540F1BE322D40037AC72 /* AudioToolbox.framework in Frameworks */,
				994D54101BE322D40037AC72 /* CFNetwork.framework in Frameworks */,
				994D54111BE322D40037AC72 /* CoreGraphics.framework in Frameworks */,
				994D54121BE322D40037AC72 /* CoreLocation.framework in Frameworks */,
				994D54131BE322D40037AC72 /* libsqlite3.tbd in Frameworks */,
				994D54141BE322D40037AC72 /* libz.tbd in Frameworks */,
				994D54151BE322D40037AC72 /* QuartzCore.framework in Frameworks */,
				994D54161BE322D40037AC72 /* Security.framework in Frameworks */,
				994D54171BE322D40037AC72 /* Social.framework in Frameworks */,
				994D54191BE322D40037AC72 /* SystemConfiguration.framework in Frameworks */,
				994D54011BE3222D0037AC72 /* libBolts.a in Frameworks */,
				2B9D5A59505CCAF73135C248 /* libPods.a in Frameworks */,
			);
			runOnlyForDeploymentPostprocessing = 0;
		};
/* End PBXFrameworksBuildPhase section */

/* Begin PBXGroup section */
		10A601B86D278C9ED2D0DB1C /* Frameworks */ = {
			isa = PBXGroup;
			children = (
				994D54021BE322D40037AC72 /* Accounts.framework */,
				994D54031BE322D40037AC72 /* AudioToolbox.framework */,
				994D54041BE322D40037AC72 /* CFNetwork.framework */,
				994D54051BE322D40037AC72 /* CoreGraphics.framework */,
				994D54061BE322D40037AC72 /* CoreLocation.framework */,
				994D54071BE322D40037AC72 /* libsqlite3.tbd */,
				994D54081BE322D40037AC72 /* libz.tbd */,
				994D54091BE322D40037AC72 /* QuartzCore.framework */,
				994D540A1BE322D40037AC72 /* Security.framework */,
				994D540B1BE322D40037AC72 /* Social.framework */,
				994D540D1BE322D40037AC72 /* SystemConfiguration.framework */,
				994D54001BE3222D0037AC72 /* libBolts.a */,
				FD81385A4BC20E361A91F9BB /* libPods.a */,
			);
			name = Frameworks;
			sourceTree = "<group>";
		};
		288DF28179E8352FB600D8A5 /* Pods */ = {
			isa = PBXGroup;
			children = (
				C56D549B9DF05EBBC578EDF5 /* Pods.debug.xcconfig */,
				D3D3D457BC1B29A0FC88723C /* Pods.release.xcconfig */,
			);
			name = Pods;
			sourceTree = "<group>";
		};
		99C2B91A1BE315390043AD69 = {
			isa = PBXGroup;
			children = (
				99C2B9251BE315390043AD69 /* Crowdseye Filmer */,
				99C2B9241BE315390043AD69 /* Products */,
				288DF28179E8352FB600D8A5 /* Pods */,
				10A601B86D278C9ED2D0DB1C /* Frameworks */,
			);
			sourceTree = "<group>";
		};
		99C2B9241BE315390043AD69 /* Products */ = {
			isa = PBXGroup;
			children = (
				99C2B9231BE315390043AD69 /* Crowdseye Filmer.app */,
			);
			name = Products;
			sourceTree = "<group>";
		};
		99C2B9251BE315390043AD69 /* Crowdseye Filmer */ = {
			isa = PBXGroup;
			children = (
				99C2B9EC1BE317C70043AD69 /* Tech */,
				99C2B9261BE315390043AD69 /* AppDelegate.swift */,
				99C2B9281BE315390043AD69 /* ViewController.swift */,
				99C2B92A1BE315390043AD69 /* Main.storyboard */,
				992DD4F31BE41888006720B7 /* feedsTable.swift */,
				992DD4F41BE41888006720B7 /* feedsTabViewController.swift */,
				992DD5051BE41BA8006720B7 /* filmerFeedsMapView.swift */,
				992DD4F71BE41888006720B7 /* feedsCell.xib */,
				992DD4F81BE41888006720B7 /* feedsTableViewCell.swift */,
				992DD5011BE41978006720B7 /* filmerWatchFeed.swift */,
				99C2B92D1BE315390043AD69 /* Assets.xcassets */,
				99C2B92F1BE315390043AD69 /* LaunchScreen.storyboard */,
				99C2B9F01BE3191A0043AD69 /* chatTableViewCell.swift */,
				99C2B9EE1BE319150043AD69 /* chatCell.xib */,
				994D53F91BE31F460037AC72 /* nearMeTableViewController.swift */,
				99005F5C1BE3E6A8000AF438 /* potentialEventsTableViewController.swift */,
				994D53F71BE31F370037AC72 /* eventsCell.xib */,
				994D53FC1BE320A60037AC72 /* eventsTableViewCell.swift */,
				992DD5031BE41B16006720B7 /* Event.swift */,
				994D53FE1BE320C50037AC72 /* utility_functions.swift */,
				99C2B9321BE315390043AD69 /* Info.plist */,
				99C2B9381BE317160043AD69 /* Crowdseye Filmer-Bridging-Header.h */,
			);
			path = "Crowdseye Filmer";
			sourceTree = "<group>";
		};
		99C2B9EC1BE317C70043AD69 /* Tech */ = {
			isa = PBXGroup;
			children = (
				99C2B9ED1BE318BC0043AD69 /* CLPUIObject.h */,
				99C2B9391BE317160043AD69 /* CLPContainer.m */,
				99C2B93A1BE317160043AD69 /* CLPMediaControl.m */,
				99C2B93B1BE317160043AD69 /* KFBroadcastViewController.m */,
				99C2B93C1BE317160043AD69 /* KFRecorder.h */,
				99C2B93D1BE317160043AD69 /* KFRecorder.m */,
				99C2B93E1BE317160043AD69 /* KFHLSUploader.m */,
				99C2B93F1BE317160043AD69 /* KFHLSManifestGenerator.m */,
				99C2B9401BE317160043AD69 /* Kickflip.h */,
				99C2B9411BE317160043AD69 /* Kickflip.m */,
				99C2B9421BE317160043AD69 /* KFBroadcastViewController.h */,
				99C2B9431BE317160043AD69 /* CLPAVFoundationPlayback.m */,
				99C2B9441BE317160043AD69 /* KFHLSManifestGenerator.h */,
				99C2B9451BE317160043AD69 /* KFHLSMonitor.h */,
				99C2B9461BE317160043AD69 /* KFHLSMonitor.m */,
				99C2B9471BE317160043AD69 /* KFAWSCredentialsProvider.h */,
				99C2B9481BE317160043AD69 /* KFLiveBannerView.h */,
				99C2B9491BE317160043AD69 /* KFAPIClient.m */,
				99C2B94A1BE317160043AD69 /* AVEncoder.mm */,
				99C2B94B1BE317160043AD69 /* KFAWSCredentialsProvider.m */,
				99C2B94C1BE317160043AD69 /* KFStream.h */,
				99C2B94D1BE317160043AD69 /* KFS3Stream.m */,
				99C2B94E1BE317160043AD69 /* KFUser.m */,
				99C2B94F1BE317160043AD69 /* AVEncoder.h */,
				99C2B9501BE317160043AD69 /* KFAACEncoder.h */,
				99C2B9511BE317160043AD69 /* KFAACEncoder.m */,
				99C2B9521BE317160043AD69 /* KFAPIClient.h */,
				99C2B9531BE317160043AD69 /* KFAudioEncoder.h */,
				99C2B9541BE317160043AD69 /* KFAudioEncoder.m */,
				99C2B9551BE317160043AD69 /* KFCameraReverse@2x.png */,
				99C2B9561BE317160043AD69 /* KFCameraReversePressed@2x.png */,
				99C2B9571BE317160043AD69 /* KFDateUtils.h */,
				99C2B9581BE317160043AD69 /* KFDateUtils.m */,
				99C2B9591BE317160043AD69 /* KFDeviceRotation@2x.png */,
				99C2B95A1BE317160043AD69 /* KFDirectoryWatcher.h */,
				99C2B95B1BE317160043AD69 /* KFDirectoryWatcher.m */,
				99C2B95C1BE317160043AD69 /* KFEncoder.h */,
				99C2B95D1BE317160043AD69 /* KFEncoder.m */,
				99C2B95E1BE317160043AD69 /* KFFrame.h */,
				99C2B95F1BE317160043AD69 /* KFFrame.m */,
				99C2B9601BE317160043AD69 /* KFH264Encoder.h */,
				99C2B9611BE317160043AD69 /* KFH264Encoder.mm */,
				99C2B9621BE317160043AD69 /* KFHLSUploader.h */,
				99C2B9631BE317160043AD69 /* KFHLSWriter.h */,
				99C2B9641BE317160043AD69 /* KFHLSWriter.m */,
				99C2B97E1BE317850043AD69 /* KFLiveBannerView.m */,
				99C2B97F1BE317850043AD69 /* KFLog.h */,
				99C2B9801BE317850043AD69 /* KFPaginationInfo.h */,
				99C2B9811BE317850043AD69 /* KFPaginationInfo.m */,
				99C2B9821BE317850043AD69 /* KFRecordButton.h */,
				99C2B9831BE317850043AD69 /* KFRecordButton.m */,
				99C2B9841BE317850043AD69 /* KFRecordButtonBorder@2x.png */,
				99C2B9851BE317850043AD69 /* KFRecordButtonStart@2x.png */,
				99C2B9861BE317850043AD69 /* KFRecordButtonStop@2x.png */,
				99C2B9871BE317850043AD69 /* KFRTMPStream.h */,
				99C2B9881BE317850043AD69 /* KFRTMPStream.m */,
				99C2B9891BE317850043AD69 /* KFS3Stream.h */,
				99C2B98A1BE317850043AD69 /* KFStream.m */,
				99C2B98B1BE317850043AD69 /* KFStreamTableViewCell.h */,
				99C2B98C1BE317850043AD69 /* KFStreamTableViewCell.m */,
				99C2B98D1BE317850043AD69 /* KFStreamTableViewCellDots@2x.png */,
				99C2B98E1BE317850043AD69 /* KFUser.h */,
				99C2B98F1BE317850043AD69 /* KFVideoEncoder.h */,
				99C2B9901BE317850043AD69 /* KFVideoEncoder.m */,
				99C2B9911BE317850043AD69 /* KFVideoFrame.h */,
				99C2B9921BE317850043AD69 /* KFVideoFrame.m */,
				99C2B9931BE317850043AD69 /* Kickflip-Prefix.pch */,
				99C2B9941BE317850043AD69 /* MP4Atom.h */,
				99C2B9951BE317850043AD69 /* MP4Atom.m */,
				99C2B9961BE317850043AD69 /* NALUnit.cpp */,
				99C2B9971BE317850043AD69 /* NALUnit.h */,
				99C2B9981BE317850043AD69 /* VideoEncoder.h */,
				99C2B9991BE317850043AD69 /* VideoEncoder.m */,
				99C2B99A1BE317850043AD69 /* CLPAVFoundationPlayback.h */,
				99C2B99B1BE317850043AD69 /* CLPAVPlayerView.h */,
				99C2B99C1BE317850043AD69 /* CLPAVPlayerView.m */,
				99C2B99D1BE317850043AD69 /* CLPBaseObject.h */,
				99C2B99E1BE317850043AD69 /* CLPBaseObject.m */,
				99C2B99F1BE317850043AD69 /* CLPContainer.h */,
				99C2B9A01BE317850043AD69 /* CLPContainerFactory.h */,
				99C2B9A11BE317850043AD69 /* CLPContainerFactory.m */,
				99C2B9A21BE317850043AD69 /* CLPCore.h */,
				99C2B9A31BE317850043AD69 /* CLPCore.m */,
				99C2B9A41BE317850043AD69 /* CLPCoreFactory.h */,
				99C2B9A51BE317850043AD69 /* CLPCoreFactory.m */,
				99C2B9A61BE317850043AD69 /* CLPEventHandler.h */,
				99C2B9A71BE317850043AD69 /* CLPEventHandler.m */,
				99C2B9A81BE317850043AD69 /* CLPGradientView.h */,
				99C2B9A91BE317850043AD69 /* CLPGradientView.m */,
				99C2B9AA1BE317850043AD69 /* CLPLoader.h */,
				99C2B9AB1BE317850043AD69 /* CLPLoader.m */,
				99C2B9AC1BE317850043AD69 /* CLPMediaControl.h */,
				99C2B9AD1BE317850043AD69 /* CLPPlayback.h */,
				99C2B9AE1BE317850043AD69 /* CLPPlayback.m */,
				99C2B9AF1BE317850043AD69 /* CLPPlayback+Factory.h */,
				99C2B9B01BE317850043AD69 /* CLPPlayback+Factory.m */,
				99C2B9B11BE317850043AD69 /* CLPPlayer.h */,
				99C2B9B21BE317850043AD69 /* CLPPlayer.m */,
				99C2B9B31BE317850043AD69 /* CLPPlugin.h */,
				994D53FB1BE31F9F0037AC72 /* Clappr.h */,
				99C2B9B41BE317850043AD69 /* CLPPlugin.m */,
				99C2B9B51BE317850043AD69 /* CLPScrubberView.h */,
				99C2B9B61BE317850043AD69 /* CLPScrubberView.m */,
				99C2B9B71BE317850043AD69 /* CLPSpinnerThreeBouncePlugin.h */,
				99C2B9B81BE317850043AD69 /* CLPSpinnerThreeBouncePlugin.m */,
				99C2B9B91BE317850043AD69 /* CLPUIContainerPlugin.h */,
				99C2B9BA1BE317850043AD69 /* CLPUIContainerPlugin.m */,
				99C2B9BB1BE317850043AD69 /* CLPUICorePlugin.h */,
				99C2B9BC1BE317850043AD69 /* CLPUICorePlugin.m */,
				99C2B9BD1BE317850043AD69 /* CLPUIObject.m */,
				99C2B9BE1BE317850043AD69 /* CLPUIPlugin.h */,
				99C2B9BF1BE317850043AD69 /* CLPUIPlugin.m */,
				99C2B9C01BE317850043AD69 /* FullscreenViewController.h */,
				99C2B9C11BE317850043AD69 /* FullscreenViewController.m */,
				99C2B9C21BE317850043AD69 /* Player.h */,
				99C2B9C31BE317850043AD69 /* Player.m */,
				99C2B9C41BE317850043AD69 /* StyleSettings.plist */,
				99C2B9C51BE317850043AD69 /* UIView+NSLayoutConstraints.h */,
				99C2B9C61BE317850043AD69 /* UIView+NSLayoutConstraints.m */,
			);
			name = Tech;
			sourceTree = "<group>";
		};
/* End PBXGroup section */

/* Begin PBXNativeTarget section */
		99C2B9221BE315390043AD69 /* Crowdseye Filmer */ = {
			isa = PBXNativeTarget;
			buildConfigurationList = 99C2B9351BE315390043AD69 /* Build configuration list for PBXNativeTarget "Crowdseye Filmer" */;
			buildPhases = (
				EE41374295F269C4E1ABBB19 /* Check Pods Manifest.lock */,
				99C2B91F1BE315390043AD69 /* Sources */,
				99C2B9201BE315390043AD69 /* Frameworks */,
				99C2B9211BE315390043AD69 /* Resources */,
				F037EB1A6931CC4F15FCCA76 /* Copy Pods Resources */,
			);
			buildRules = (
			);
			dependencies = (
			);
			name = "Crowdseye Filmer";
			productName = "Crowdseye Filmer";
			productReference = 99C2B9231BE315390043AD69 /* Crowdseye Filmer.app */;
			productType = "com.apple.product-type.application";
		};
/* End PBXNativeTarget section */

/* Begin PBXProject section */
		99C2B91B1BE315390043AD69 /* Project object */ = {
			isa = PBXProject;
			attributes = {
				LastSwiftUpdateCheck = 0710;
				LastUpgradeCheck = 0710;
				ORGANIZATIONNAME = crowdseye;
				TargetAttributes = {
					99C2B9221BE315390043AD69 = {
						CreatedOnToolsVersion = 7.1;
						DevelopmentTeam = 2EW84VZ43K;
						SystemCapabilities = {
							com.apple.InAppPurchase = {
								enabled = 0;
							};
						};
					};
				};
			};
			buildConfigurationList = 99C2B91E1BE315390043AD69 /* Build configuration list for PBXProject "Crowdseye Filmer" */;
			compatibilityVersion = "Xcode 3.2";
			developmentRegion = English;
			hasScannedForEncodings = 0;
			knownRegions = (
				en,
				Base,
			);
			mainGroup = 99C2B91A1BE315390043AD69;
			productRefGroup = 99C2B9241BE315390043AD69 /* Products */;
			projectDirPath = "";
			projectRoot = "";
			targets = (
				99C2B9221BE315390043AD69 /* Crowdseye Filmer */,
			);
		};
/* End PBXProject section */

/* Begin PBXResourcesBuildPhase section */
		99C2B9211BE315390043AD69 /* Resources */ = {
			isa = PBXResourcesBuildPhase;
			buildActionMask = 2147483647;
			files = (
				99C2B9311BE315390043AD69 /* LaunchScreen.storyboard in Resources */,
				99C2B9CB1BE317850043AD69 /* KFRecordButtonStart@2x.png in Resources */,
				99C2B9D01BE317850043AD69 /* KFStreamTableViewCellDots@2x.png in Resources */,
				99C2B9751BE317160043AD69 /* KFCameraReverse@2x.png in Resources */,
				99C2B92E1BE315390043AD69 /* Assets.xcassets in Resources */,
				994D53F81BE31F370037AC72 /* eventsCell.xib in Resources */,
				99C2B9EF1BE319150043AD69 /* chatCell.xib in Resources */,
				992DD4FE1BE41888006720B7 /* feedsCell.xib in Resources */,
				99C2B9CA1BE317850043AD69 /* KFRecordButtonBorder@2x.png in Resources */,
				99C2B9781BE317160043AD69 /* KFDeviceRotation@2x.png in Resources */,
				99C2B9761BE317160043AD69 /* KFCameraReversePressed@2x.png in Resources */,
				99C2B9EA1BE317850043AD69 /* StyleSettings.plist in Resources */,
				99C2B92C1BE315390043AD69 /* Main.storyboard in Resources */,
				99C2B9CC1BE317850043AD69 /* KFRecordButtonStop@2x.png in Resources */,
			);
			runOnlyForDeploymentPostprocessing = 0;
		};
/* End PBXResourcesBuildPhase section */

/* Begin PBXShellScriptBuildPhase section */
		EE41374295F269C4E1ABBB19 /* Check Pods Manifest.lock */ = {
			isa = PBXShellScriptBuildPhase;
			buildActionMask = 2147483647;
			files = (
			);
			inputPaths = (
			);
			name = "Check Pods Manifest.lock";
			outputPaths = (
			);
			runOnlyForDeploymentPostprocessing = 0;
			shellPath = /bin/sh;
			shellScript = "diff \"${PODS_ROOT}/../Podfile.lock\" \"${PODS_ROOT}/Manifest.lock\" > /dev/null\nif [[ $? != 0 ]] ; then\n    cat << EOM\nerror: The sandbox is not in sync with the Podfile.lock. Run 'pod install' or update your CocoaPods installation.\nEOM\n    exit 1\nfi\n";
			showEnvVarsInLog = 0;
		};
		F037EB1A6931CC4F15FCCA76 /* Copy Pods Resources */ = {
			isa = PBXShellScriptBuildPhase;
			buildActionMask = 2147483647;
			files = (
			);
			inputPaths = (
			);
			name = "Copy Pods Resources";
			outputPaths = (
			);
			runOnlyForDeploymentPostprocessing = 0;
			shellPath = /bin/sh;
			shellScript = "\"${SRCROOT}/Pods/Target Support Files/Pods/Pods-resources.sh\"\n";
			showEnvVarsInLog = 0;
		};
/* End PBXShellScriptBuildPhase section */

/* Begin PBXSourcesBuildPhase section */
		99C2B91F1BE315390043AD69 /* Sources */ = {
			isa = PBXSourcesBuildPhase;
			buildActionMask = 2147483647;
			files = (
				992DD4FA1BE41888006720B7 /* feedsTable.swift in Sources */,
				99C2B9E61BE317850043AD69 /* CLPUIObject.m in Sources */,
				99C2B9D81BE317850043AD69 /* CLPContainerFactory.m in Sources */,
				99C2B97B1BE317160043AD69 /* KFFrame.m in Sources */,
				99C2B9E51BE317850043AD69 /* CLPUICorePlugin.m in Sources */,
				99C2B9DC1BE317850043AD69 /* CLPGradientView.m in Sources */,
				99C2B9DF1BE317850043AD69 /* CLPPlayback+Factory.m in Sources */,
				99C2B9671BE317160043AD69 /* KFBroadcastViewController.m in Sources */,
				992DD5061BE41BA8006720B7 /* filmerFeedsMapView.swift in Sources */,
				992DD5041BE41B16006720B7 /* Event.swift in Sources */,
				99C2B9E81BE317850043AD69 /* FullscreenViewController.m in Sources */,
				99C2B9DA1BE317850043AD69 /* CLPCoreFactory.m in Sources */,
				99C2B9E71BE317850043AD69 /* CLPUIPlugin.m in Sources */,
				99C2B9D61BE317850043AD69 /* CLPAVPlayerView.m in Sources */,
				99C2B97A1BE317160043AD69 /* KFEncoder.m in Sources */,
				99C2B9711BE317160043AD69 /* KFS3Stream.m in Sources */,
				99C2B9D31BE317850043AD69 /* MP4Atom.m in Sources */,
				992DD4FF1BE41888006720B7 /* feedsTableViewCell.swift in Sources */,
				99C2B96A1BE317160043AD69 /* KFHLSManifestGenerator.m in Sources */,
				99C2B9DD1BE317850043AD69 /* CLPLoader.m in Sources */,
				99C2B9791BE317160043AD69 /* KFDirectoryWatcher.m in Sources */,
				994D53FA1BE31F460037AC72 /* nearMeTableViewController.swift in Sources */,
				99C2B9F11BE3191A0043AD69 /* chatTableViewCell.swift in Sources */,
				99C2B9721BE317160043AD69 /* KFUser.m in Sources */,
				992DD5021BE41978006720B7 /* filmerWatchFeed.swift in Sources */,
				99C2B9D11BE317850043AD69 /* KFVideoEncoder.m in Sources */,
				99C2B9701BE317160043AD69 /* KFAWSCredentialsProvider.m in Sources */,
				99C2B97C1BE317160043AD69 /* KFH264Encoder.mm in Sources */,
				99C2B9661BE317160043AD69 /* CLPMediaControl.m in Sources */,
				99C2B9291BE315390043AD69 /* ViewController.swift in Sources */,
				99C2B9DE1BE317850043AD69 /* CLPPlayback.m in Sources */,
				994D53FD1BE320A60037AC72 /* eventsTableViewCell.swift in Sources */,
				99C2B9CE1BE317850043AD69 /* KFStream.m in Sources */,
				99C2B9731BE317160043AD69 /* KFAACEncoder.m in Sources */,
				99C2B96D1BE317160043AD69 /* KFHLSMonitor.m in Sources */,
				994D53FF1BE320C50037AC72 /* utility_functions.swift in Sources */,
				99C2B9C71BE317850043AD69 /* KFLiveBannerView.m in Sources */,
				99C2B97D1BE317160043AD69 /* KFHLSWriter.m in Sources */,
				99C2B9CF1BE317850043AD69 /* KFStreamTableViewCell.m in Sources */,
				992DD4FB1BE41888006720B7 /* feedsTabViewController.swift in Sources */,
				99C2B9271BE315390043AD69 /* AppDelegate.swift in Sources */,
				99C2B9741BE317160043AD69 /* KFAudioEncoder.m in Sources */,
				99C2B9E41BE317850043AD69 /* CLPUIContainerPlugin.m in Sources */,
				99C2B9DB1BE317850043AD69 /* CLPEventHandler.m in Sources */,
				99C2B96E1BE317160043AD69 /* KFAPIClient.m in Sources */,
				99C2B9E21BE317850043AD69 /* CLPScrubberView.m in Sources */,
				99C2B96B1BE317160043AD69 /* Kickflip.m in Sources */,
				99C2B9681BE317160043AD69 /* KFRecorder.m in Sources */,
				99C2B9771BE317160043AD69 /* KFDateUtils.m in Sources */,
				99C2B9E91BE317850043AD69 /* Player.m in Sources */,
				99C2B9CD1BE317850043AD69 /* KFRTMPStream.m in Sources */,
				99C2B9691BE317160043AD69 /* KFHLSUploader.m in Sources */,
				99C2B9EB1BE317850043AD69 /* UIView+NSLayoutConstraints.m in Sources */,
				99C2B9E11BE317850043AD69 /* CLPPlugin.m in Sources */,
				99C2B9D41BE317850043AD69 /* NALUnit.cpp in Sources */,
				99C2B9E01BE317850043AD69 /* CLPPlayer.m in Sources */,
				99C2B9D71BE317850043AD69 /* CLPBaseObject.m in Sources */,
				99C2B9C91BE317850043AD69 /* KFRecordButton.m in Sources */,
				99C2B9D91BE317850043AD69 /* CLPCore.m in Sources */,
				99005F5D1BE3E6A8000AF438 /* potentialEventsTableViewController.swift in Sources */,
				99C2B9C81BE317850043AD69 /* KFPaginationInfo.m in Sources */,
				99C2B9D21BE317850043AD69 /* KFVideoFrame.m in Sources */,
				99C2B9E31BE317850043AD69 /* CLPSpinnerThreeBouncePlugin.m in Sources */,
				99C2B96C1BE317160043AD69 /* CLPAVFoundationPlayback.m in Sources */,
				99C2B96F1BE317160043AD69 /* AVEncoder.mm in Sources */,
				99C2B9D51BE317850043AD69 /* VideoEncoder.m in Sources */,
				99C2B9651BE317160043AD69 /* CLPContainer.m in Sources */,
			);
			runOnlyForDeploymentPostprocessing = 0;
		};
/* End PBXSourcesBuildPhase section */

/* Begin PBXVariantGroup section */
		99C2B92A1BE315390043AD69 /* Main.storyboard */ = {
			isa = PBXVariantGroup;
			children = (
				99C2B92B1BE315390043AD69 /* Base */,
			);
			name = Main.storyboard;
			sourceTree = "<group>";
		};
		99C2B92F1BE315390043AD69 /* LaunchScreen.storyboard */ = {
			isa = PBXVariantGroup;
			children = (
				99C2B9301BE315390043AD69 /* Base */,
			);
			name = LaunchScreen.storyboard;
			sourceTree = "<group>";
		};
/* End PBXVariantGroup section */

/* Begin XCBuildConfiguration section */
		99C2B9331BE315390043AD69 /* Debug */ = {
			isa = XCBuildConfiguration;
			buildSettings = {
				ALWAYS_SEARCH_USER_PATHS = NO;
				CLANG_CXX_LANGUAGE_STANDARD = "gnu++0x";
				CLANG_CXX_LIBRARY = "libc++";
				CLANG_ENABLE_MODULES = YES;
				CLANG_ENABLE_OBJC_ARC = YES;
				CLANG_WARN_BOOL_CONVERSION = YES;
				CLANG_WARN_CONSTANT_CONVERSION = YES;
				CLANG_WARN_DIRECT_OBJC_ISA_USAGE = YES_ERROR;
				CLANG_WARN_EMPTY_BODY = YES;
				CLANG_WARN_ENUM_CONVERSION = YES;
				CLANG_WARN_INT_CONVERSION = YES;
				CLANG_WARN_OBJC_ROOT_CLASS = YES_ERROR;
				CLANG_WARN_UNREACHABLE_CODE = YES;
				CLANG_WARN__DUPLICATE_METHOD_MATCH = YES;
				"CODE_SIGN_IDENTITY[sdk=iphoneos*]" = "iPhone Developer";
				COPY_PHASE_STRIP = NO;
				DEBUG_INFORMATION_FORMAT = dwarf;
				ENABLE_BITCODE = NO;
				ENABLE_STRICT_OBJC_MSGSEND = YES;
				ENABLE_TESTABILITY = YES;
				GCC_C_LANGUAGE_STANDARD = gnu99;
				GCC_DYNAMIC_NO_PIC = NO;
				GCC_NO_COMMON_BLOCKS = YES;
				GCC_OPTIMIZATION_LEVEL = 0;
				GCC_PREPROCESSOR_DEFINITIONS = (
					"DEBUG=1",
					"$(inherited)",
				);
				GCC_WARN_64_TO_32_BIT_CONVERSION = YES;
				GCC_WARN_ABOUT_RETURN_TYPE = YES_ERROR;
				GCC_WARN_UNDECLARED_SELECTOR = YES;
				GCC_WARN_UNINITIALIZED_AUTOS = YES_AGGRESSIVE;
				GCC_WARN_UNUSED_FUNCTION = YES;
				GCC_WARN_UNUSED_VARIABLE = YES;
				IPHONEOS_DEPLOYMENT_TARGET = 9.1;
				MTL_ENABLE_DEBUG_INFO = YES;
				ONLY_ACTIVE_ARCH = YES;
				SDKROOT = iphoneos;
				SWIFT_OPTIMIZATION_LEVEL = "-Onone";
				TARGETED_DEVICE_FAMILY = "1,2";
			};
			name = Debug;
		};
		99C2B9341BE315390043AD69 /* Release */ = {
			isa = XCBuildConfiguration;
			buildSettings = {
				ALWAYS_SEARCH_USER_PATHS = NO;
				CLANG_CXX_LANGUAGE_STANDARD = "gnu++0x";
				CLANG_CXX_LIBRARY = "libc++";
				CLANG_ENABLE_MODULES = YES;
				CLANG_ENABLE_OBJC_ARC = YES;
				CLANG_WARN_BOOL_CONVERSION = YES;
				CLANG_WARN_CONSTANT_CONVERSION = YES;
				CLANG_WARN_DIRECT_OBJC_ISA_USAGE = YES_ERROR;
				CLANG_WARN_EMPTY_BODY = YES;
				CLANG_WARN_ENUM_CONVERSION = YES;
				CLANG_WARN_INT_CONVERSION = YES;
				CLANG_WARN_OBJC_ROOT_CLASS = YES_ERROR;
				CLANG_WARN_UNREACHABLE_CODE = YES;
				CLANG_WARN__DUPLICATE_METHOD_MATCH = YES;
				"CODE_SIGN_IDENTITY[sdk=iphoneos*]" = "iPhone Developer";
				COPY_PHASE_STRIP = NO;
				DEBUG_INFORMATION_FORMAT = "dwarf-with-dsym";
				ENABLE_BITCODE = NO;
				ENABLE_NS_ASSERTIONS = NO;
				ENABLE_STRICT_OBJC_MSGSEND = YES;
				GCC_C_LANGUAGE_STANDARD = gnu99;
				GCC_NO_COMMON_BLOCKS = YES;
				GCC_WARN_64_TO_32_BIT_CONVERSION = YES;
				GCC_WARN_ABOUT_RETURN_TYPE = YES_ERROR;
				GCC_WARN_UNDECLARED_SELECTOR = YES;
				GCC_WARN_UNINITIALIZED_AUTOS = YES_AGGRESSIVE;
				GCC_WARN_UNUSED_FUNCTION = YES;
				GCC_WARN_UNUSED_VARIABLE = YES;
				IPHONEOS_DEPLOYMENT_TARGET = 9.1;
				MTL_ENABLE_DEBUG_INFO = NO;
				SDKROOT = iphoneos;
				TARGETED_DEVICE_FAMILY = "1,2";
				VALIDATE_PRODUCT = YES;
			};
			name = Release;
		};
		99C2B9361BE315390043AD69 /* Debug */ = {
			isa = XCBuildConfiguration;
			baseConfigurationReference = C56D549B9DF05EBBC578EDF5 /* Pods.debug.xcconfig */;
			buildSettings = {
				ASSETCATALOG_COMPILER_APPICON_NAME = AppIcon;
				CLANG_ENABLE_MODULES = YES;
				ENABLE_BITCODE = NO;
				INFOPLIST_FILE = "Crowdseye Filmer/Info.plist";
				LD_RUNPATH_SEARCH_PATHS = "$(inherited) @executable_path/Frameworks";
				LIBRARY_SEARCH_PATHS = (
					"$(inherited)",
					"$(PROJECT_DIR)/build/Debug-iphoneos",
				);
				PRODUCT_BUNDLE_IDENTIFIER = "crowdseye.Crowdseye-Filmer";
				PRODUCT_NAME = "$(TARGET_NAME)";
				SWIFT_OBJC_BRIDGING_HEADER = "Crowdseye Filmer/Crowdseye Filmer-Bridging-Header.h";
				SWIFT_OPTIMIZATION_LEVEL = "-Onone";
			};
			name = Debug;
		};
		99C2B9371BE315390043AD69 /* Release */ = {
			isa = XCBuildConfiguration;
			baseConfigurationReference = D3D3D457BC1B29A0FC88723C /* Pods.release.xcconfig */;
			buildSettings = {
				ASSETCATALOG_COMPILER_APPICON_NAME = AppIcon;
				CLANG_ENABLE_MODULES = YES;
				ENABLE_BITCODE = NO;
				INFOPLIST_FILE = "Crowdseye Filmer/Info.plist";
				LD_RUNPATH_SEARCH_PATHS = "$(inherited) @executable_path/Frameworks";
				LIBRARY_SEARCH_PATHS = (
					"$(inherited)",
					"$(PROJECT_DIR)/build/Debug-iphoneos",
				);
				PRODUCT_BUNDLE_IDENTIFIER = "crowdseye.Crowdseye-Filmer";
				PRODUCT_NAME = "$(TARGET_NAME)";
				SWIFT_OBJC_BRIDGING_HEADER = "Crowdseye Filmer/Crowdseye Filmer-Bridging-Header.h";
			};
			name = Release;
		};
/* End XCBuildConfiguration section */

/* Begin XCConfigurationList section */
		99C2B91E1BE315390043AD69 /* Build configuration list for PBXProject "Crowdseye Filmer" */ = {
			isa = XCConfigurationList;
			buildConfigurations = (
				99C2B9331BE315390043AD69 /* Debug */,
				99C2B9341BE315390043AD69 /* Release */,
			);
			defaultConfigurationIsVisible = 0;
			defaultConfigurationName = Release;
		};
		99C2B9351BE315390043AD69 /* Build configuration list for PBXNativeTarget "Crowdseye Filmer" */ = {
			isa = XCConfigurationList;
			buildConfigurations = (
				99C2B9361BE315390043AD69 /* Debug */,
				99C2B9371BE315390043AD69 /* Release */,
			);
			defaultConfigurationIsVisible = 0;
			defaultConfigurationName = Release;
		};
/* End XCConfigurationList section */
	};
	rootObject = 99C2B91B1BE315390043AD69 /* Project object */;
}
